github.com/zhangyunhao116/fastrand v0.2.1 h1:H5FygwAWuYF7IqJKrdWBbphgHffRC07okNQjT2qbGB4=
github.com/zhangyunhao116/fastrand v0.2.1/go.mod h1:0v5KgHho0VE6HU192HnY15de/oDS8UrbBChIFjIhBtc=
github.com/zhangyunhao116/fastrand v0.3.0 h1:7bwe124xcckPulX6fxtr2lFdO2KQqaefdtbk+mqO/Ig=
github.com/zhangyunhao116/fastrand v0.3.0/go.mod h1:0v5KgHho0VE6HU192HnY15de/oDS8UrbBChIFjIhBtc=
